// !$*UTF8*$!
{
	archiveVersion = 1;
	classes = {
	};
	objectVersion = 46;
	objects = {

/* Begin PBXBuildFile section */
		8F47D3511D3A7B0F00819DFA /* AppDelegate.swift in Sources */ = {isa = PBXBuildFile; fileRef = 8F47D3501D3A7B0F00819DFA /* AppDelegate.swift */; };
		8F47D3531D3A7B0F00819DFA /* ViewController.swift in Sources */ = {isa = PBXBuildFile; fileRef = 8F47D3521D3A7B0F00819DFA /* ViewController.swift */; };
		8F47D3561D3A7B0F00819DFA /* Main.storyboard in Resources */ = {isa = PBXBuildFile; fileRef = 8F47D3541D3A7B0F00819DFA /* Main.storyboard */; };
		8F47D3581D3A7B0F00819DFA /* Assets.xcassets in Resources */ = {isa = PBXBuildFile; fileRef = 8F47D3571D3A7B0F00819DFA /* Assets.xcassets */; };
		8F47D35B1D3A7B0F00819DFA /* LaunchScreen.storyboard in Resources */ = {isa = PBXBuildFile; fileRef = 8F47D3591D3A7B0F00819DFA /* LaunchScreen.storyboard */; };
/* End PBXBuildFile section */

/* Begin PBXFileReference section */
		8F47D34D1D3A7B0F00819DFA /* sizingItUp.app */ = {isa = PBXFileReference; explicitFileType = wrapper.application; includeInIndex = 0; path = sizingItUp.app; sourceTree = BUILT_PRODUCTS_DIR; };
		8F47D3501D3A7B0F00819DFA /* AppDelegate.swift */ = {isa = PBXFileReference; lastKnownFileType = sourcecode.swift; path = AppDelegate.swift; sourceTree = "<group>"; };
		8F47D3521D3A7B0F00819DFA /* ViewController.swift */ = {isa = PBXFileReference; lastKnownFileType = sourcecode.swift; path = ViewController.swift; sourceTree = "<group>"; };
		8F47D3551D3A7B0F00819DFA /* Base */ = {isa = PBXFileReference; lastKnownFileType = file.storyboard; name = Base; path = Base.lproj/Main.storyboard; sourceTree = "<group>"; };
		8F47D3571D3A7B0F00819DFA /* Assets.xcassets */ = {isa = PBXFileReference; lastKnownFileType = folder.assetcatalog; path = Assets.xcassets; sourceTree = "<group>"; };
		8F47D35A1D3A7B0F00819DFA /* Base */ = {isa = PBXFileReference; lastKnownFileType = file.storyboard; name = Base; path = Base.lproj/LaunchScreen.storyboard; sourceTree = "<group>"; };
		8F47D35C1D3A7B0F00819DFA /* Info.plist */ = {isa = PBXFileReference; lastKnownFileType = text.plist.xml; path = Info.plist; sourceTree = "<group>"; };
/* End PBXFileReference section */

/* Begin PBXFrameworksBuildPhase section */
		8F47D34A1D3A7B0F00819DFA /* Frameworks */ = {
			isa = PBXFrameworksBuildPhase;
			buildActionMask = 2147483647;
			files = (
			);
			runOnlyForDeploymentPostprocessing = 0;
		};
/* End PBXFrameworksBuildPhase section */

/* Begin PBXGroup section */
		8F47D3441D3A7B0F00819DFA = {
			isa = PBXGroup;
			children = (
				8F47D34F1D3A7B0F00819DFA /* sizingItUp */,
				8F47D34E1D3A7B0F00819DFA /* Products */,
			);
			sourceTree = "<group>";
		};
		8F47D34E1D3A7B0F00819DFA /* Products */ = {
			isa = PBXGroup;
			children = (
				8F47D34D1D3A7B0F00819DFA /* sizingItUp.app */,
			);
			name = Products;
			sourceTree = "<group>";
		};
		8F47D34F1D3A7B0F00819DFA /* sizingItUp */ = {
			isa = PBXGroup;
			children = (
				8F47D3501D3A7B0F00819DFA /* AppDelegate.swift */,
				8F47D3521D3A7B0F00819DFA /* ViewController.swift */,
				8F47D3541D3A7B0F00819DFA /* Main.storyboard */,
				8F47D3571D3A7B0F00819DFA /* Assets.xcassets */,
				8F47D3591D3A7B0F00819DFA /* LaunchScreen.storyboard */,
				8F47D35C1D3A7B0F00819DFA /* Info.plist */,
			);
			path = sizingItUp;
			sourceTree = "<group>";
		};
/* End PBXGroup section */

/* Begin PBXNativeTarget section */
		8F47D34C1D3A7B0F00819DFA /* sizingItUp */ = {
			isa = PBXNativeTarget;
			buildConfigurationList = 8F47D35F1D3A7B0F00819DFA /* Build configuration list for PBXNativeTarget "sizingItUp" */;
			buildPhases = (
				8F47D3491D3A7B0F00819DFA /* Sources */,
				8F47D34A1D3A7B0F00819DFA /* Frameworks */,
				8F47D34B1D3A7B0F00819DFA /* Resources */,
			);
			buildRules = (
			);
			dependencies = (
			);
			name = sizingItUp;
			productName = sizingItUp;
			productReference = 8F47D34D1D3A7B0F00819DFA /* sizingItUp.app */;
			productType = "com.apple.product-type.application";
		};
/* End PBXNativeTarget section */

/* Begin PBXProject section */
		8F47D3451D3A7B0F00819DFA /* Project object */ = {
			isa = PBXProject;
			attributes = {
				LastSwiftUpdateCheck = 0730;
				LastUpgradeCheck = 0730;
				ORGANIZATIONNAME = "Dino Musliu";
				TargetAttributes = {
					8F47D34C1D3A7B0F00819DFA = {
						CreatedOnToolsVersion = 7.3.1;
					};
				};
			};
			buildConfigurationList = 8F47D3481D3A7B0F00819DFA /* Build configuration list for PBXProject "sizingItUp" */;
			compatibilityVersion = "Xcode 3.2";
			developmentRegion = English;
			hasScannedForEncodings = 0;
			knownRegions = (
				en,
				Base,
			);
			mainGroup = 8F47D3441D3A7B0F00819DFA;
			productRefGroup = 8F47D34E1D3A7B0F00819DFA /* Products */;
			projectDirPath = "";
			projectRoot = "";
			targets = (
				8F47D34C1D3A7B0F00819DFA /* sizingItUp */,
			);
		};
/* End PBXProject section */

/* Begin PBXResourcesBuildPhase section */
		8F47D34B1D3A7B0F00819DFA /* Resources */ = {
			isa = PBXResourcesBuildPhase;
			buildActionMask = 2147483647;
			files = (
				8F47D35B1D3A7B0F00819DFA /* LaunchScreen.storyboard in Resources */,
				8F47D3581D3A7B0F00819DFA /* Assets.xcassets in Resources */,
				8F47D3561D3A7B0F00819DFA /* Main.storyboard in Resources */,
			);
			runOnlyForDeploymentPostprocessing = 0;
		};
/* End PBXResourcesBuildPhase section */

/* Begin PBXSourcesBuildPhase section */
		8F47D3491D3A7B0F00819DFA /* Sources */ = {
			isa = PBXSourcesBuildPhase;
			buildActionMask = 2147483647;
			files = (
				8F47D3531D3A7B0F00819DFA /* ViewController.swift in Sources */,
				8F47D3511D3A7B0F00819DFA /* AppDelegate.swift in Sources */,
			);
			runOnlyForDeploymentPostprocessing = 0;
		};
/* End PBXSourcesBuildPhase section */

/* Begin PBXVariantGroup section */
		8F47D3541D3A7B0F00819DFA /* Main.storyboard */ = {
			isa = PBXVariantGroup;
			children = (
				8F47D3551D3A7B0F00819DFA /* Base */,
			);
			name = Main.storyboard;
			sourceTree = "<group>";
		};
		8F47D3591D3A7B0F00819DFA /* LaunchScreen.storyboard */ = {
			isa = PBXVariantGroup;
			children = (
				8F47D35A1D3A7B0F00819DFA /* Base */,
			);
			name = LaunchScreen.storyboard;
			sourceTree = "<group>";
		};
/* End PBXVariantGroup section */

/* Begin XCBuildConfiguration section */
		8F47D35D1D3A7B0F00819DFA /* Debug */ = {
			isa = XCBuildConfiguration;
			buildSettings = {
				ALWAYS_SEARCH_USER_PATHS = NO;
				CLANG_ANALYZER_NONNULL = YES;
				CLANG_CXX_LANGUAGE_STANDARD = "gnu++0x";
				CLANG_CXX_LIBRARY = "libc++";
				CLANG_ENABLE_MODULES = YES;
				CLANG_ENABLE_OBJC_ARC = YES;
				CLANG_WARN_BOOL_CONVERSION = YES;
				CLANG_WARN_CONSTANT_CONVERSION = YES;
				CLANG_WARN_DIRECT_OBJC_ISA_USAGE = YES_ERROR;
				CLANG_WARN_EMPTY_BODY = YES;
				CLANG_WARN_ENUM_CONVERSION = YES;
				CLANG_WARN_INT_CONVERSION = YES;
				CLANG_WARN_OBJC_ROOT_CLASS = YES_ERROR;
				CLANG_WARN_UNREACHABLE_CODE = YES;
				CLANG_WARN__DUPLICATE_METHOD_MATCH = YES;
				"CODE_SIGN_IDENTITY[sdk=iphoneos*]" = "iPhone Developer";
				COPY_PHASE_STRIP = NO;
				DEBUG_INFORMATION_FORMAT = dwarf;
				ENABLE_STRICT_OBJC_MSGSEND = YES;
				ENABLE_TESTABILITY = YES;
				GCC_C_LANGUAGE_STANDARD = gnu99;
				GCC_DYNAMIC_NO_PIC = NO;
				GCC_NO_COMMON_BLOCKS = YES;
				GCC_OPTIMIZATION_LEVEL = 0;
				GCC_PREPROCESSOR_DEFINITIONS = (
					"DEBUG=1",
					"$(inherited)",
				);
				GCC_WARN_64_TO_32_BIT_CONVERSION = YES;
				GCC_WARN_ABOUT_RETURN_TYPE = YES_ERROR;
				GCC_WARN_UNDECLARED_SELECTOR = YES;
				GCC_WARN_UNINITIALIZED_AUTOS = YES_AGGRESSIVE;
				GCC_WARN_UNUSED_FUNCTION = YES;
				GCC_WARN_UNUSED_VARIABLE = YES;
				IPHONEOS_DEPLOYMENT_TARGET = 9.3;
				MTL_ENABLE_DEBUG_INFO = YES;
				ONLY_ACTIVE_ARCH = YES;
				SDKROOT = iphoneos;
				SWIFT_OPTIMIZATION_LEVEL = "-Onone";
			};
			name = Debug;
		};
		8F47D35E1D3A7B0F00819DFA /* Release */ = {
			isa = XCBuildConfiguration;
			buildSettings = {
				ALWAYS_SEARCH_USER_PATHS = NO;
				CLANG_ANALYZER_NONNULL = YES;
				CLANG_CXX_LANGUAGE_STANDARD = "gnu++0x";
				CLANG_CXX_LIBRARY = "libc++";
				CLANG_ENABLE_MODULES = YES;
				CLANG_ENABLE_OBJC_ARC = YES;
				CLANG_WARN_BOOL_CONVERSION = YES;
				CLANG_WARN_CONSTANT_CONVERSION = YES;
				CLANG_WARN_DIRECT_OBJC_ISA_USAGE = YES_ERROR;
				CLANG_WARN_EMPTY_BODY = YES;
				CLANG_WARN_ENUM_CONVERSION = YES;
				CLANG_WARN_INT_CONVERSION = YES;
				CLANG_WARN_OBJC_ROOT_CLASS = YES_ERROR;
				CLANG_WARN_UNREACHABLE_CODE = YES;
				CLANG_WARN__DUPLICATE_METHOD_MATCH = YES;
				"CODE_SIGN_IDENTITY[sdk=iphoneos*]" = "iPhone Developer";
				COPY_PHASE_STRIP = NO;
				DEBUG_INFORMATION_FORMAT = "dwarf-with-dsym";
				ENABLE_NS_ASSERTIONS = NO;
				ENABLE_STRICT_OBJC_MSGSEND = YES;
				GCC_C_LANGUAGE_STANDARD = gnu99;
				GCC_NO_COMMON_BLOCKS = YES;
				GCC_WARN_64_TO_32_BIT_CONVERSION = YES;
				GCC_WARN_ABOUT_RETURN_TYPE = YES_ERROR;
				GCC_WARN_UNDECLARED_SELECTOR = YES;
				GCC_WARN_UNINITIALIZED_AUTOS = YES_AGGRESSIVE;
				GCC_WARN_UNUSED_FUNCTION = YES;
				GCC_WARN_UNUSED_VARIABLE = YES;
				IPHONEOS_DEPLOYMENT_TARGET = 9.3;
				MTL_ENABLE_DEBUG_INFO = NO;
				SDKROOT = iphoneos;
				VALIDATE_PRODUCT = YES;
			};
			name = Release;
		};
		8F47D3601D3A7B0F00819DFA /* Debug */ = {
			isa = XCBuildConfiguration;
			buildSettings = {
				ASSETCATALOG_COMPILER_APPICON_NAME = AppIcon;
				INFOPLIST_FILE = sizingItUp/Info.plist;
				LD_RUNPATH_SEARCH_PATHS = "$(inherited) @executable_path/Frameworks";
				PRODUCT_BUNDLE_IDENTIFIER = com.mdino.sizingItUp;
				PRODUCT_NAME = "$(TARGET_NAME)";
			};
			name = Debug;
		};
		8F47D3611D3A7B0F00819DFA /* Release */ = {
			isa = XCBuildConfiguration;
			buildSettings = {
				ASSETCATALOG_COMPILER_APPICON_NAME = AppIcon;
				INFOPLIST_FILE = sizingItUp/Info.plist;
				LD_RUNPATH_SEARCH_PATHS = "$(inherited) @executable_path/Frameworks";
				PRODUCT_BUNDLE_IDENTIFIER = com.mdino.sizingItUp;
				PRODUCT_NAME = "$(TARGET_NAME)";
			};
			name = Release;
		};
/* End XCBuildConfiguration section */

/* Begin XCConfigurationList section */
		8F47D3481D3A7B0F00819DFA /* Build configuration list for PBXProject "sizingItUp" */ = {
			isa = XCConfigurationList;
			buildConfigurations = (
				8F47D35D1D3A7B0F00819DFA /* Debug */,
				8F47D35E1D3A7B0F00819DFA /* Release */,
			);
			defaultConfigurationIsVisible = 0;
			defaultConfigurationName = Release;
		};
		8F47D35F1D3A7B0F00819DFA /* Build configuration list for PBXNativeTarget "sizingItUp" */ = {
			isa = XCConfigurationList;
			buildConfigurations = (
				8F47D3601D3A7B0F00819DFA /* Debug */,
				8F47D3611D3A7B0F00819DFA /* Release */,
			);
			defaultConfigurationIsVisible = 0;
		};
/* End XCConfigurationList section */
	};
	rootObject = 8F47D3451D3A7B0F00819DFA /* Project object */;
}
